
Microsoft Visual Studio Solution File, Format Version 12.00
# Visual Studio Express 2012 for Windows Desktop
Project("{FAE04EC0-301F-11D3-BF4B-00C04F79EFBC}") = "AdvertBaseClient", "AdvertBase\AdvertBaseClient.csproj", "{E87E29A7-C55F-4BBE-97B6-489B7F9EB3EA}"
EndProject
Project("{FAE04EC0-301F-11D3-BF4B-00C04F79EFBC}") = "DatabaseMover", "DatabaseMover\DatabaseMover.csproj", "{3602DDB0-958D-47A6-BCF3-7650DD2ACD52}"
EndProject
Project("{2150E333-8FDC-42A3-9474-1A3956D46DE8}") = "Solution Items", "Solution Items", "{88FF2585-A775-4A48-B924-2980ED99B1B7}"
	ProjectSection(SolutionItems) = preProject
		AdvertBase.vsmdi = AdvertBase.vsmdi
		Local.testsettings = Local.testsettings
		TraceAndTestImpact.testsettings = TraceAndTestImpact.testsettings
	EndProjectSection
EndProject
Project("{FAE04EC0-301F-11D3-BF4B-00C04F79EFBC}") = "AdvertBaseTests", "AdvertBaseTests\AdvertBaseTests.csproj", "{C5ADECEB-B012-447C-AEE4-22F7D43C27DC}"
EndProject
Project("{FAE04EC0-301F-11D3-BF4B-00C04F79EFBC}") = "AdvertBaseServer", "AdvertBaseServer\AdvertBaseServer.csproj", "{6B4AB80F-D42E-43B0-A389-358866413FC1}"
EndProject
Project("{FAE04EC0-301F-11D3-BF4B-00C04F79EFBC}") = "AdvertBaseServerTests", "AdvertBaseServerTests\AdvertBaseServerTests.csproj", "{BD3B4791-D89B-474E-91F7-1589C38F756D}"
EndProject
Project("{FAE04EC0-301F-11D3-BF4B-00C04F79EFBC}") = "SharedItems", "SharedItems\SharedItems.csproj", "{9FAC24E5-AA0F-40A9-A807-053DFD6364C5}"
EndProject
Project("{FAE04EC0-301F-11D3-BF4B-00C04F79EFBC}") = "SharedItemsTest", "SharedItemsTest\SharedItemsTest.csproj", "{C29C873C-D4B0-41DC-804D-B0C99CB2C376}"
EndProject
Global
	GlobalSection(TeamFoundationVersionControl) = preSolution
		SccNumberOfProjects = 7
		SccEnterpriseProvider = {4CA58AB2-18FA-4F8D-95D4-32DDF27D184C}
		SccTeamFoundationServer = https://yaponiz.visualstudio.com/defaultcollection
		SccProjectUniqueName0 = SharedItems\\SharedItems.csproj
		SccProjectName0 = SharedItems
		SccAuxPath0 = https://yaponiz.visualstudio.com/defaultcollection
		SccLocalPath0 = SharedItems
		SccProvider0 = {4CA58AB2-18FA-4F8D-95D4-32DDF27D184C}
		SccProjectUniqueName1 = AdvertBase\\AdvertBaseClient.csproj
		SccProjectName1 = AdvertBase
		SccAuxPath1 = https://yaponiz.visualstudio.com/defaultcollection
		SccLocalPath1 = AdvertBase
		SccProvider1 = {4CA58AB2-18FA-4F8D-95D4-32DDF27D184C}
		SccProjectUniqueName2 = DatabaseMover\\DatabaseMover.csproj
		SccProjectName2 = DatabaseMover
		SccAuxPath2 = https://yaponiz.visualstudio.com/defaultcollection
		SccLocalPath2 = DatabaseMover
		SccProvider2 = {4CA58AB2-18FA-4F8D-95D4-32DDF27D184C}
		SccProjectUniqueName3 = AdvertBaseTests\\AdvertBaseTests.csproj
		SccProjectName3 = AdvertBaseTests
		SccAuxPath3 = https://yaponiz.visualstudio.com/defaultcollection
		SccLocalPath3 = AdvertBaseTests
		SccProvider3 = {4CA58AB2-18FA-4F8D-95D4-32DDF27D184C}
		SccProjectUniqueName4 = AdvertBaseServer\\AdvertBaseServer.csproj
		SccProjectName4 = AdvertBaseServer
		SccAuxPath4 = https://yaponiz.visualstudio.com/defaultcollection
		SccLocalPath4 = AdvertBaseServer
		SccProvider4 = {4CA58AB2-18FA-4F8D-95D4-32DDF27D184C}
		SccProjectUniqueName5 = AdvertBaseServerTests\\AdvertBaseServerTests.csproj
		SccProjectName5 = AdvertBaseServerTests
		SccAuxPath5 = https://yaponiz.visualstudio.com/defaultcollection
		SccLocalPath5 = AdvertBaseServerTests
		SccProvider5 = {4CA58AB2-18FA-4F8D-95D4-32DDF27D184C}
		SccProjectUniqueName6 = SharedItemsTest\\SharedItemsTest.csproj
		SccProjectName6 = SharedItemsTest
		SccAuxPath6 = https://yaponiz.visualstudio.com/defaultcollection
		SccLocalPath6 = SharedItemsTest
		SccProvider6 = {4CA58AB2-18FA-4F8D-95D4-32DDF27D184C}
	EndGlobalSection
	GlobalSection(TestCaseManagementSettings) = postSolution
		CategoryFile = AdvertBase.vsmdi
	EndGlobalSection
	GlobalSection(SolutionConfigurationPlatforms) = preSolution
		Debug|Any CPU = Debug|Any CPU
		Debug|Mixed Platforms = Debug|Mixed Platforms
		Debug|x86 = Debug|x86
		Release|Any CPU = Release|Any CPU
		Release|Mixed Platforms = Release|Mixed Platforms
		Release|x86 = Release|x86
	EndGlobalSection
	GlobalSection(ProjectConfigurationPlatforms) = postSolution
		{E87E29A7-C55F-4BBE-97B6-489B7F9EB3EA}.Debug|Any CPU.ActiveCfg = Debug|x86
		{E87E29A7-C55F-4BBE-97B6-489B7F9EB3EA}.Debug|Mixed Platforms.ActiveCfg = Debug|x86
		{E87E29A7-C55F-4BBE-97B6-489B7F9EB3EA}.Debug|Mixed Platforms.Build.0 = Debug|x86
		{E87E29A7-C55F-4BBE-97B6-489B7F9EB3EA}.Debug|x86.ActiveCfg = Debug|x86
		{E87E29A7-C55F-4BBE-97B6-489B7F9EB3EA}.Debug|x86.Build.0 = Debug|x86
		{E87E29A7-C55F-4BBE-97B6-489B7F9EB3EA}.Release|Any CPU.ActiveCfg = Release|x86
		{E87E29A7-C55F-4BBE-97B6-489B7F9EB3EA}.Release|Mixed Platforms.ActiveCfg = Release|x86
		{E87E29A7-C55F-4BBE-97B6-489B7F9EB3EA}.Release|Mixed Platforms.Build.0 = Release|x86
		{E87E29A7-C55F-4BBE-97B6-489B7F9EB3EA}.Release|x86.ActiveCfg = Release|x86
		{E87E29A7-C55F-4BBE-97B6-489B7F9EB3EA}.Release|x86.Build.0 = Release|x86
		{3602DDB0-958D-47A6-BCF3-7650DD2ACD52}.Debug|Any CPU.ActiveCfg = Debug|x86
		{3602DDB0-958D-47A6-BCF3-7650DD2ACD52}.Debug|Mixed Platforms.ActiveCfg = Debug|x86
		{3602DDB0-958D-47A6-BCF3-7650DD2ACD52}.Debug|Mixed Platforms.Build.0 = Debug|x86
		{3602DDB0-958D-47A6-BCF3-7650DD2ACD52}.Debug|x86.ActiveCfg = Debug|x86
		{3602DDB0-958D-47A6-BCF3-7650DD2ACD52}.Debug|x86.Build.0 = Debug|x86
		{3602DDB0-958D-47A6-BCF3-7650DD2ACD52}.Release|Any CPU.ActiveCfg = Release|x86
		{3602DDB0-958D-47A6-BCF3-7650DD2ACD52}.Release|Mixed Platforms.ActiveCfg = Release|x86
		{3602DDB0-958D-47A6-BCF3-7650DD2ACD52}.Release|Mixed Platforms.Build.0 = Release|x86
		{3602DDB0-958D-47A6-BCF3-7650DD2ACD52}.Release|x86.ActiveCfg = Release|x86
		{3602DDB0-958D-47A6-BCF3-7650DD2ACD52}.Release|x86.Build.0 = Release|x86
		{C5ADECEB-B012-447C-AEE4-22F7D43C27DC}.Debug|Any CPU.ActiveCfg = Debug|Any CPU
		{C5ADECEB-B012-447C-AEE4-22F7D43C27DC}.Debug|Any CPU.Build.0 = Debug|Any CPU
		{C5ADECEB-B012-447C-AEE4-22F7D43C27DC}.Debug|Mixed Platforms.ActiveCfg = Debug|Any CPU
		{C5ADECEB-B012-447C-AEE4-22F7D43C27DC}.Debug|Mixed Platforms.Build.0 = Debug|Any CPU
		{C5ADECEB-B012-447C-AEE4-22F7D43C27DC}.Debug|x86.ActiveCfg = Debug|Any CPU
		{C5ADECEB-B012-447C-AEE4-22F7D43C27DC}.Release|Any CPU.ActiveCfg = Release|Any CPU
		{C5ADECEB-B012-447C-AEE4-22F7D43C27DC}.Release|Any CPU.Build.0 = Release|Any CPU
		{C5ADECEB-B012-447C-AEE4-22F7D43C27DC}.Release|Mixed Platforms.ActiveCfg = Release|Any CPU
		{C5ADECEB-B012-447C-AEE4-22F7D43C27DC}.Release|Mixed Platforms.Build.0 = Release|Any CPU
		{C5ADECEB-B012-447C-AEE4-22F7D43C27DC}.Release|x86.ActiveCfg = Release|Any CPU
		{6B4AB80F-D42E-43B0-A389-358866413FC1}.Debug|Any CPU.ActiveCfg = Debug|x86
		{6B4AB80F-D42E-43B0-A389-358866413FC1}.Debug|Mixed Platforms.ActiveCfg = Debug|x86
		{6B4AB80F-D42E-43B0-A389-358866413FC1}.Debug|Mixed Platforms.Build.0 = Debug|x86
		{6B4AB80F-D42E-43B0-A389-358866413FC1}.Debug|x86.ActiveCfg = Debug|x86
		{6B4AB80F-D42E-43B0-A389-358866413FC1}.Debug|x86.Build.0 = Debug|x86
		{6B4AB80F-D42E-43B0-A389-358866413FC1}.Release|Any CPU.ActiveCfg = Release|x86
		{6B4AB80F-D42E-43B0-A389-358866413FC1}.Release|Mixed Platforms.ActiveCfg = Release|x86
		{6B4AB80F-D42E-43B0-A389-358866413FC1}.Release|Mixed Platforms.Build.0 = Release|x86
		{6B4AB80F-D42E-43B0-A389-358866413FC1}.Release|x86.ActiveCfg = Release|x86
		{6B4AB80F-D42E-43B0-A389-358866413FC1}.Release|x86.Build.0 = Release|x86
		{BD3B4791-D89B-474E-91F7-1589C38F756D}.Debug|Any CPU.ActiveCfg = Debug|Any CPU
		{BD3B4791-D89B-474E-91F7-1589C38F756D}.Debug|Any CPU.Build.0 = Debug|Any CPU
		{BD3B4791-D89B-474E-91F7-1589C38F756D}.Debug|Mixed Platforms.ActiveCfg = Debug|Any CPU
		{BD3B4791-D89B-474E-91F7-1589C38F756D}.Debug|Mixed Platforms.Build.0 = Debug|Any CPU
		{BD3B4791-D89B-474E-91F7-1589C38F756D}.Debug|x86.ActiveCfg = Debug|Any CPU
		{BD3B4791-D89B-474E-91F7-1589C38F756D}.Release|Any CPU.ActiveCfg = Release|Any CPU
		{BD3B4791-D89B-474E-91F7-1589C38F756D}.Release|Any CPU.Build.0 = Release|Any CPU
		{BD3B4791-D89B-474E-91F7-1589C38F756D}.Release|Mixed Platforms.ActiveCfg = Release|Any CPU
		{BD3B4791-D89B-474E-91F7-1589C38F756D}.Release|Mixed Platforms.Build.0 = Release|Any CPU
		{BD3B4791-D89B-474E-91F7-1589C38F756D}.Release|x86.ActiveCfg = Release|Any CPU
		{9FAC24E5-AA0F-40A9-A807-053DFD6364C5}.Debug|Any CPU.ActiveCfg = Debug|Any CPU
		{9FAC24E5-AA0F-40A9-A807-053DFD6364C5}.Debug|Any CPU.Build.0 = Debug|Any CPU
		{9FAC24E5-AA0F-40A9-A807-053DFD6364C5}.Debug|Mixed Platforms.ActiveCfg = Debug|Any CPU
		{9FAC24E5-AA0F-40A9-A807-053DFD6364C5}.Debug|Mixed Platforms.Build.0 = Debug|Any CPU
		{9FAC24E5-AA0F-40A9-A807-053DFD6364C5}.Debug|x86.ActiveCfg = Debug|Any CPU
		{9FAC24E5-AA0F-40A9-A807-053DFD6364C5}.Release|Any CPU.ActiveCfg = Release|Any CPU
		{9FAC24E5-AA0F-40A9-A807-053DFD6364C5}.Release|Any CPU.Build.0 = Release|Any CPU
		{9FAC24E5-AA0F-40A9-A807-053DFD6364C5}.Release|Mixed Platforms.ActiveCfg = Release|Any CPU
		{9FAC24E5-AA0F-40A9-A807-053DFD6364C5}.Release|Mixed Platforms.Build.0 = Release|Any CPU
		{9FAC24E5-AA0F-40A9-A807-053DFD6364C5}.Release|x86.ActiveCfg = Release|Any CPU
		{C29C873C-D4B0-41DC-804D-B0C99CB2C376}.Debug|Any CPU.ActiveCfg = Debug|Any CPU
		{C29C873C-D4B0-41DC-804D-B0C99CB2C376}.Debug|Any CPU.Build.0 = Debug|Any CPU
		{C29C873C-D4B0-41DC-804D-B0C99CB2C376}.Debug|Mixed Platforms.ActiveCfg = Debug|Any CPU
		{C29C873C-D4B0-41DC-804D-B0C99CB2C376}.Debug|Mixed Platforms.Build.0 = Debug|Any CPU
		{C29C873C-D4B0-41DC-804D-B0C99CB2C376}.Debug|x86.ActiveCfg = Debug|Any CPU
		{C29C873C-D4B0-41DC-804D-B0C99CB2C376}.Release|Any CPU.ActiveCfg = Release|Any CPU
		{C29C873C-D4B0-41DC-804D-B0C99CB2C376}.Release|Any CPU.Build.0 = Release|Any CPU
		{C29C873C-D4B0-41DC-804D-B0C99CB2C376}.Release|Mixed Platforms.ActiveCfg = Release|Any CPU
		{C29C873C-D4B0-41DC-804D-B0C99CB2C376}.Release|Mixed Platforms.Build.0 = Release|Any CPU
		{C29C873C-D4B0-41DC-804D-B0C99CB2C376}.Release|x86.ActiveCfg = Release|Any CPU
	EndGlobalSection
	GlobalSection(SolutionProperties) = preSolution
		HideSolutionNode = FALSE
	EndGlobalSection
EndGlobal
